
Microsoft Visual Studio Solution File, Format Version 12.00
# Visual Studio Version 17
VisualStudioVersion = 17.7.34018.315
MinimumVisualStudioVersion = 10.0.40219.1
Project("{FAE04EC0-301F-11D3-BF4B-00C04F79EFBC}") = "OrdenaNomes", "OrdenaNomes\OrdenaNomes.csproj", "{4EDD2373-1847-4C27-A207-406CE24660B5}"
EndProject
Global
	GlobalSection(SolutionConfigurationPlatforms) = preSolution
		Debug|Any CPU = Debug|Any CPU
		Release|Any CPU = Release|Any CPU
	EndGlobalSection
	GlobalSection(ProjectConfigurationPlatforms) = postSolution
		{4EDD2373-1847-4C27-A207-406CE24660B5}.Debug|Any CPU.ActiveCfg = Debug|Any CPU
		{4EDD2373-1847-4C27-A207-406CE24660B5}.Debug|Any CPU.Build.0 = Debug|Any CPU
		{4EDD2373-1847-4C27-A207-406CE24660B5}.Release|Any CPU.ActiveCfg = Release|Any CPU
		{4EDD2373-1847-4C27-A207-406CE24660B5}.Release|Any CPU.Build.0 = Release|Any CPU
	EndGlobalSection
	GlobalSection(SolutionProperties) = preSolution
		HideSolutionNode = FALSE
	EndGlobalSection
	GlobalSection(ExtensibilityGlobals) = postSolution
		SolutionGuid = {46EE913E-3F0B-422B-9880-D7C09A37623E}
	EndGlobalSection
EndGlobal
